
Microsoft Visual Studio Solution File, Format Version 12.00
# Visual Studio 15
VisualStudioVersion = 15.0.26430.4
MinimumVisualStudioVersion = 10.0.40219.1
Project("{FAE04EC0-301F-11D3-BF4B-00C04F79EFBC}") = "001_Arrays", "001_Arrays\001_Arrays.csproj", "{A207293B-F2C8-4348-B151-3874BFD1F5A5}"
EndProject
Project("{FAE04EC0-301F-11D3-BF4B-00C04F79EFBC}") = "002_TwoDimensiona", "002_TwoDimensiona\002_TwoDimensiona.csproj", "{6473BB3E-7657-48CB-885D-8545C17748CE}"
EndProject
Project("{FAE04EC0-301F-11D3-BF4B-00C04F79EFBC}") = "003_ArrayMultiDim", "003_ArrayMultiDim\003_ArrayMultiDim.csproj", "{44BA603C-02F5-4BC7-B38A-A12D3F5DEE3D}"
EndProject
Project("{FAE04EC0-301F-11D3-BF4B-00C04F79EFBC}") = "007_Covariant", "007_Covariant\007_Covariant.csproj", "{59BF4F9E-6D9B-4D4C-88AC-9724C51EF307}"
EndProject
Global
	GlobalSection(SolutionConfigurationPlatforms) = preSolution
		Debug|Any CPU = Debug|Any CPU
		Release|Any CPU = Release|Any CPU
	EndGlobalSection
	GlobalSection(ProjectConfigurationPlatforms) = postSolution
		{A207293B-F2C8-4348-B151-3874BFD1F5A5}.Debug|Any CPU.ActiveCfg = Debug|Any CPU
		{A207293B-F2C8-4348-B151-3874BFD1F5A5}.Debug|Any CPU.Build.0 = Debug|Any CPU
		{A207293B-F2C8-4348-B151-3874BFD1F5A5}.Release|Any CPU.ActiveCfg = Release|Any CPU
		{A207293B-F2C8-4348-B151-3874BFD1F5A5}.Release|Any CPU.Build.0 = Release|Any CPU
		{6473BB3E-7657-48CB-885D-8545C17748CE}.Debug|Any CPU.ActiveCfg = Debug|Any CPU
		{6473BB3E-7657-48CB-885D-8545C17748CE}.Debug|Any CPU.Build.0 = Debug|Any CPU
		{6473BB3E-7657-48CB-885D-8545C17748CE}.Release|Any CPU.ActiveCfg = Release|Any CPU
		{6473BB3E-7657-48CB-885D-8545C17748CE}.Release|Any CPU.Build.0 = Release|Any CPU
		{44BA603C-02F5-4BC7-B38A-A12D3F5DEE3D}.Debug|Any CPU.ActiveCfg = Debug|Any CPU
		{44BA603C-02F5-4BC7-B38A-A12D3F5DEE3D}.Debug|Any CPU.Build.0 = Debug|Any CPU
		{44BA603C-02F5-4BC7-B38A-A12D3F5DEE3D}.Release|Any CPU.ActiveCfg = Release|Any CPU
		{44BA603C-02F5-4BC7-B38A-A12D3F5DEE3D}.Release|Any CPU.Build.0 = Release|Any CPU
		{59BF4F9E-6D9B-4D4C-88AC-9724C51EF307}.Debug|Any CPU.ActiveCfg = Debug|Any CPU
		{59BF4F9E-6D9B-4D4C-88AC-9724C51EF307}.Debug|Any CPU.Build.0 = Debug|Any CPU
		{59BF4F9E-6D9B-4D4C-88AC-9724C51EF307}.Release|Any CPU.ActiveCfg = Release|Any CPU
		{59BF4F9E-6D9B-4D4C-88AC-9724C51EF307}.Release|Any CPU.Build.0 = Release|Any CPU
	EndGlobalSection
	GlobalSection(SolutionProperties) = preSolution
		HideSolutionNode = FALSE
	EndGlobalSection
EndGlobal
