
Microsoft Visual Studio Solution File, Format Version 12.00
# Visual Studio 15
VisualStudioVersion = 15.0.26430.4
MinimumVisualStudioVersion = 10.0.40219.1
Project("{FAE04EC0-301F-11D3-BF4B-00C04F79EFBC}") = "001_Indexers", "001_Indexers\001_Indexers.csproj", "{4C604F36-C555-4FC9-B5E6-FAEA560E71AE}"
EndProject
Project("{FAE04EC0-301F-11D3-BF4B-00C04F79EFBC}") = "002_Indexers", "002_Indexers\002_Indexers.csproj", "{4DEA41AD-8F73-431A-A6FD-AB950D7E7595}"
EndProject
Project("{FAE04EC0-301F-11D3-BF4B-00C04F79EFBC}") = "003_Indexers", "003_Indexers\003_Indexers.csproj", "{2648D34C-4BD5-44D4-ACEB-10DF2690E5A3}"
EndProject
Project("{FAE04EC0-301F-11D3-BF4B-00C04F79EFBC}") = "004_Indexer", "004_Indexer\004_Indexer.csproj", "{D56440D0-8367-4149-A7D8-95E6C6FB90E0}"
EndProject
Project("{FAE04EC0-301F-11D3-BF4B-00C04F79EFBC}") = "005_Indexers", "005_Indexers\005_Indexers.csproj", "{BBCF0BA7-6D68-479A-AC01-D514F6CA8D47}"
EndProject
Project("{FAE04EC0-301F-11D3-BF4B-00C04F79EFBC}") = "006_Indexers", "006_Indexers\006_Indexers.csproj", "{CB829BF6-CF9C-49EB-8F1B-5B8E0A122673}"
EndProject
Global
	GlobalSection(SolutionConfigurationPlatforms) = preSolution
		Debug|Any CPU = Debug|Any CPU
		Release|Any CPU = Release|Any CPU
	EndGlobalSection
	GlobalSection(ProjectConfigurationPlatforms) = postSolution
		{4C604F36-C555-4FC9-B5E6-FAEA560E71AE}.Debug|Any CPU.ActiveCfg = Debug|Any CPU
		{4C604F36-C555-4FC9-B5E6-FAEA560E71AE}.Debug|Any CPU.Build.0 = Debug|Any CPU
		{4C604F36-C555-4FC9-B5E6-FAEA560E71AE}.Release|Any CPU.ActiveCfg = Release|Any CPU
		{4C604F36-C555-4FC9-B5E6-FAEA560E71AE}.Release|Any CPU.Build.0 = Release|Any CPU
		{4DEA41AD-8F73-431A-A6FD-AB950D7E7595}.Debug|Any CPU.ActiveCfg = Debug|Any CPU
		{4DEA41AD-8F73-431A-A6FD-AB950D7E7595}.Debug|Any CPU.Build.0 = Debug|Any CPU
		{4DEA41AD-8F73-431A-A6FD-AB950D7E7595}.Release|Any CPU.ActiveCfg = Release|Any CPU
		{4DEA41AD-8F73-431A-A6FD-AB950D7E7595}.Release|Any CPU.Build.0 = Release|Any CPU
		{2648D34C-4BD5-44D4-ACEB-10DF2690E5A3}.Debug|Any CPU.ActiveCfg = Debug|Any CPU
		{2648D34C-4BD5-44D4-ACEB-10DF2690E5A3}.Debug|Any CPU.Build.0 = Debug|Any CPU
		{2648D34C-4BD5-44D4-ACEB-10DF2690E5A3}.Release|Any CPU.ActiveCfg = Release|Any CPU
		{2648D34C-4BD5-44D4-ACEB-10DF2690E5A3}.Release|Any CPU.Build.0 = Release|Any CPU
		{D56440D0-8367-4149-A7D8-95E6C6FB90E0}.Debug|Any CPU.ActiveCfg = Debug|Any CPU
		{D56440D0-8367-4149-A7D8-95E6C6FB90E0}.Debug|Any CPU.Build.0 = Debug|Any CPU
		{D56440D0-8367-4149-A7D8-95E6C6FB90E0}.Release|Any CPU.ActiveCfg = Release|Any CPU
		{D56440D0-8367-4149-A7D8-95E6C6FB90E0}.Release|Any CPU.Build.0 = Release|Any CPU
		{BBCF0BA7-6D68-479A-AC01-D514F6CA8D47}.Debug|Any CPU.ActiveCfg = Debug|Any CPU
		{BBCF0BA7-6D68-479A-AC01-D514F6CA8D47}.Debug|Any CPU.Build.0 = Debug|Any CPU
		{BBCF0BA7-6D68-479A-AC01-D514F6CA8D47}.Release|Any CPU.ActiveCfg = Release|Any CPU
		{BBCF0BA7-6D68-479A-AC01-D514F6CA8D47}.Release|Any CPU.Build.0 = Release|Any CPU
		{CB829BF6-CF9C-49EB-8F1B-5B8E0A122673}.Debug|Any CPU.ActiveCfg = Debug|Any CPU
		{CB829BF6-CF9C-49EB-8F1B-5B8E0A122673}.Debug|Any CPU.Build.0 = Debug|Any CPU
		{CB829BF6-CF9C-49EB-8F1B-5B8E0A122673}.Release|Any CPU.ActiveCfg = Release|Any CPU
		{CB829BF6-CF9C-49EB-8F1B-5B8E0A122673}.Release|Any CPU.Build.0 = Release|Any CPU
	EndGlobalSection
	GlobalSection(SolutionProperties) = preSolution
		HideSolutionNode = FALSE
	EndGlobalSection
EndGlobal
