
Microsoft Visual Studio Solution File, Format Version 12.00
# Visual Studio 15
VisualStudioVersion = 15.0.28307.1684
MinimumVisualStudioVersion = 10.0.40219.1
Project("{FAE04EC0-301F-11D3-BF4B-00C04F79EFBC}") = "Constraint_001", "Constraint_001\Constraint_001.csproj", "{8BA0CDDF-48C7-4DFD-829B-91D3A7FBAE8F}"
EndProject
Project("{FAE04EC0-301F-11D3-BF4B-00C04F79EFBC}") = "Constraint_002", "NewConstraint_002\Constraint_002.csproj", "{FCCA733B-9375-447D-AEE1-696C6025C595}"
EndProject
Project("{FAE04EC0-301F-11D3-BF4B-00C04F79EFBC}") = "Constraint_003", "BaseConstraint_003\Constraint_003.csproj", "{FBEBFE55-DB60-4180-995A-0D722CC91F24}"
EndProject
Project("{FAE04EC0-301F-11D3-BF4B-00C04F79EFBC}") = "Constraint_004", "Constraint_004\Constraint_004.csproj", "{087016B3-A57F-4428-A0C8-93B5EBF008A4}"
EndProject
Project("{FAE04EC0-301F-11D3-BF4B-00C04F79EFBC}") = "Constraint_005", "Constraint_005\Constraint_005.csproj", "{54AD5DED-564B-45EB-A4CE-C7B661A160B2}"
EndProject
Project("{FAE04EC0-301F-11D3-BF4B-00C04F79EFBC}") = "Constraint_006", "Constraint_006\Constraint_006.csproj", "{4CE53F2E-77F3-4515-8798-1E6D2470A1C9}"
EndProject
Global
	GlobalSection(SolutionConfigurationPlatforms) = preSolution
		Debug|Any CPU = Debug|Any CPU
		Release|Any CPU = Release|Any CPU
	EndGlobalSection
	GlobalSection(ProjectConfigurationPlatforms) = postSolution
		{8BA0CDDF-48C7-4DFD-829B-91D3A7FBAE8F}.Debug|Any CPU.ActiveCfg = Debug|Any CPU
		{8BA0CDDF-48C7-4DFD-829B-91D3A7FBAE8F}.Debug|Any CPU.Build.0 = Debug|Any CPU
		{8BA0CDDF-48C7-4DFD-829B-91D3A7FBAE8F}.Release|Any CPU.ActiveCfg = Release|Any CPU
		{8BA0CDDF-48C7-4DFD-829B-91D3A7FBAE8F}.Release|Any CPU.Build.0 = Release|Any CPU
		{FCCA733B-9375-447D-AEE1-696C6025C595}.Debug|Any CPU.ActiveCfg = Debug|Any CPU
		{FCCA733B-9375-447D-AEE1-696C6025C595}.Debug|Any CPU.Build.0 = Debug|Any CPU
		{FCCA733B-9375-447D-AEE1-696C6025C595}.Release|Any CPU.ActiveCfg = Release|Any CPU
		{FCCA733B-9375-447D-AEE1-696C6025C595}.Release|Any CPU.Build.0 = Release|Any CPU
		{FBEBFE55-DB60-4180-995A-0D722CC91F24}.Debug|Any CPU.ActiveCfg = Debug|Any CPU
		{FBEBFE55-DB60-4180-995A-0D722CC91F24}.Debug|Any CPU.Build.0 = Debug|Any CPU
		{FBEBFE55-DB60-4180-995A-0D722CC91F24}.Release|Any CPU.ActiveCfg = Release|Any CPU
		{FBEBFE55-DB60-4180-995A-0D722CC91F24}.Release|Any CPU.Build.0 = Release|Any CPU
		{087016B3-A57F-4428-A0C8-93B5EBF008A4}.Debug|Any CPU.ActiveCfg = Debug|Any CPU
		{087016B3-A57F-4428-A0C8-93B5EBF008A4}.Debug|Any CPU.Build.0 = Debug|Any CPU
		{087016B3-A57F-4428-A0C8-93B5EBF008A4}.Release|Any CPU.ActiveCfg = Release|Any CPU
		{087016B3-A57F-4428-A0C8-93B5EBF008A4}.Release|Any CPU.Build.0 = Release|Any CPU
		{54AD5DED-564B-45EB-A4CE-C7B661A160B2}.Debug|Any CPU.ActiveCfg = Debug|Any CPU
		{54AD5DED-564B-45EB-A4CE-C7B661A160B2}.Debug|Any CPU.Build.0 = Debug|Any CPU
		{54AD5DED-564B-45EB-A4CE-C7B661A160B2}.Release|Any CPU.ActiveCfg = Release|Any CPU
		{54AD5DED-564B-45EB-A4CE-C7B661A160B2}.Release|Any CPU.Build.0 = Release|Any CPU
		{4CE53F2E-77F3-4515-8798-1E6D2470A1C9}.Debug|Any CPU.ActiveCfg = Debug|Any CPU
		{4CE53F2E-77F3-4515-8798-1E6D2470A1C9}.Debug|Any CPU.Build.0 = Debug|Any CPU
		{4CE53F2E-77F3-4515-8798-1E6D2470A1C9}.Release|Any CPU.ActiveCfg = Release|Any CPU
		{4CE53F2E-77F3-4515-8798-1E6D2470A1C9}.Release|Any CPU.Build.0 = Release|Any CPU
	EndGlobalSection
	GlobalSection(SolutionProperties) = preSolution
		HideSolutionNode = FALSE
	EndGlobalSection
	GlobalSection(ExtensibilityGlobals) = postSolution
		SolutionGuid = {176D7A45-6FEB-4C33-92DB-67AC238EB539}
	EndGlobalSection
EndGlobal
