
Microsoft Visual Studio Solution File, Format Version 11.00
# Visual Studio 2010
Project("{FAE04EC0-301F-11D3-BF4B-00C04F79EFBC}") = "RadioButtonList", "RadioButtonList\RadioButtonList.csproj", "{BB40508D-C302-4927-84F7-160B38161827}"
EndProject
Global
	GlobalSection(SolutionConfigurationPlatforms) = preSolution
		Debug|x86 = Debug|x86
		Release|x86 = Release|x86
	EndGlobalSection
	GlobalSection(ProjectConfigurationPlatforms) = postSolution
		{BB40508D-C302-4927-84F7-160B38161827}.Debug|x86.ActiveCfg = Debug|x86
		{BB40508D-C302-4927-84F7-160B38161827}.Debug|x86.Build.0 = Debug|x86
		{BB40508D-C302-4927-84F7-160B38161827}.Release|x86.ActiveCfg = Release|x86
		{BB40508D-C302-4927-84F7-160B38161827}.Release|x86.Build.0 = Release|x86
	EndGlobalSection
	GlobalSection(SolutionProperties) = preSolution
		HideSolutionNode = FALSE
	EndGlobalSection
EndGlobal
