
Microsoft Visual Studio Solution File, Format Version 11.00
# Visual Studio 2010
Project("{FAE04EC0-301F-11D3-BF4B-00C04F79EFBC}") = "GridSpliter", "GridSpliter\GridSpliter.csproj", "{72798F7B-CEBE-4192-BE0E-8A686C6540B7}"
EndProject
Global
	GlobalSection(SolutionConfigurationPlatforms) = preSolution
		Debug|x86 = Debug|x86
		Release|x86 = Release|x86
	EndGlobalSection
	GlobalSection(ProjectConfigurationPlatforms) = postSolution
		{72798F7B-CEBE-4192-BE0E-8A686C6540B7}.Debug|x86.ActiveCfg = Debug|x86
		{72798F7B-CEBE-4192-BE0E-8A686C6540B7}.Debug|x86.Build.0 = Debug|x86
		{72798F7B-CEBE-4192-BE0E-8A686C6540B7}.Release|x86.ActiveCfg = Release|x86
		{72798F7B-CEBE-4192-BE0E-8A686C6540B7}.Release|x86.Build.0 = Release|x86
	EndGlobalSection
	GlobalSection(SolutionProperties) = preSolution
		HideSolutionNode = FALSE
	EndGlobalSection
EndGlobal
