
Microsoft Visual Studio Solution File, Format Version 12.00
# Visual Studio 15
VisualStudioVersion = 15.0.26430.4
MinimumVisualStudioVersion = 10.0.40219.1
Project("{FAE04EC0-301F-11D3-BF4B-00C04F79EFBC}") = "001_Methods", "Methods\001_Methods.csproj", "{186C51AA-8A5A-4D8D-92EB-1D94C3B04364}"
EndProject
Project("{FAE04EC0-301F-11D3-BF4B-00C04F79EFBC}") = "002_Methods", "002_Methods\002_Methods.csproj", "{5B7F9DFA-85B5-43EC-9BE1-6A24DADFEE2A}"
EndProject
Project("{FAE04EC0-301F-11D3-BF4B-00C04F79EFBC}") = "003_Methods", "003_Methods\003_Methods.csproj", "{5656500C-64A7-41D2-86E0-E0BDED475BE3}"
EndProject
Project("{FAE04EC0-301F-11D3-BF4B-00C04F79EFBC}") = "004_Methods", "004_Methods\004_Methods.csproj", "{ACE48A79-F374-4B71-9920-D24F116E91CD}"
EndProject
Project("{FAE04EC0-301F-11D3-BF4B-00C04F79EFBC}") = "005_Methods", "005_Methods\005_Methods.csproj", "{363EC9D2-3F24-46AB-853E-4F77214A77F8}"
EndProject
Project("{FAE04EC0-301F-11D3-BF4B-00C04F79EFBC}") = "006_Methods", "006_Methods\006_Methods.csproj", "{79795E01-D5B3-472F-890D-0A36D5BD9394}"
EndProject
Project("{FAE04EC0-301F-11D3-BF4B-00C04F79EFBC}") = "007_Methods", "007_Methods\007_Methods.csproj", "{F6C8A8D9-3BA4-4879-99B3-C85EF0754EAC}"
EndProject
Project("{FAE04EC0-301F-11D3-BF4B-00C04F79EFBC}") = "008_Methods", "008_Methods\008_Methods.csproj", "{AE5472FB-9870-4F2C-9F86-CA549156977C}"
EndProject
Project("{FAE04EC0-301F-11D3-BF4B-00C04F79EFBC}") = "009_BinaryDigit", "009_BinaryDigit\009_BinaryDigit.csproj", "{D83CACC2-8A54-4440-AC28-64726097E7B1}"
EndProject
Project("{FAE04EC0-301F-11D3-BF4B-00C04F79EFBC}") = "010_Recursion", "010_Recursion\010_Recursion.csproj", "{A6512B36-E5FE-4B8C-BAB1-8589ABB39DCD}"
EndProject
Project("{FAE04EC0-301F-11D3-BF4B-00C04F79EFBC}") = "011_MethodsRecFAct", "011_MethodsRecFAct\011_MethodsRecFAct.csproj", "{60E80A48-CCDD-4C37-8DC4-C2C3F2A9FF37}"
EndProject
Global
	GlobalSection(SolutionConfigurationPlatforms) = preSolution
		Debug|Any CPU = Debug|Any CPU
		Release|Any CPU = Release|Any CPU
	EndGlobalSection
	GlobalSection(ProjectConfigurationPlatforms) = postSolution
		{186C51AA-8A5A-4D8D-92EB-1D94C3B04364}.Debug|Any CPU.ActiveCfg = Debug|Any CPU
		{186C51AA-8A5A-4D8D-92EB-1D94C3B04364}.Debug|Any CPU.Build.0 = Debug|Any CPU
		{186C51AA-8A5A-4D8D-92EB-1D94C3B04364}.Release|Any CPU.ActiveCfg = Release|Any CPU
		{186C51AA-8A5A-4D8D-92EB-1D94C3B04364}.Release|Any CPU.Build.0 = Release|Any CPU
		{5B7F9DFA-85B5-43EC-9BE1-6A24DADFEE2A}.Debug|Any CPU.ActiveCfg = Debug|Any CPU
		{5B7F9DFA-85B5-43EC-9BE1-6A24DADFEE2A}.Debug|Any CPU.Build.0 = Debug|Any CPU
		{5B7F9DFA-85B5-43EC-9BE1-6A24DADFEE2A}.Release|Any CPU.ActiveCfg = Release|Any CPU
		{5B7F9DFA-85B5-43EC-9BE1-6A24DADFEE2A}.Release|Any CPU.Build.0 = Release|Any CPU
		{5656500C-64A7-41D2-86E0-E0BDED475BE3}.Debug|Any CPU.ActiveCfg = Debug|Any CPU
		{5656500C-64A7-41D2-86E0-E0BDED475BE3}.Debug|Any CPU.Build.0 = Debug|Any CPU
		{5656500C-64A7-41D2-86E0-E0BDED475BE3}.Release|Any CPU.ActiveCfg = Release|Any CPU
		{5656500C-64A7-41D2-86E0-E0BDED475BE3}.Release|Any CPU.Build.0 = Release|Any CPU
		{ACE48A79-F374-4B71-9920-D24F116E91CD}.Debug|Any CPU.ActiveCfg = Debug|Any CPU
		{ACE48A79-F374-4B71-9920-D24F116E91CD}.Debug|Any CPU.Build.0 = Debug|Any CPU
		{ACE48A79-F374-4B71-9920-D24F116E91CD}.Release|Any CPU.ActiveCfg = Release|Any CPU
		{ACE48A79-F374-4B71-9920-D24F116E91CD}.Release|Any CPU.Build.0 = Release|Any CPU
		{363EC9D2-3F24-46AB-853E-4F77214A77F8}.Debug|Any CPU.ActiveCfg = Debug|Any CPU
		{363EC9D2-3F24-46AB-853E-4F77214A77F8}.Debug|Any CPU.Build.0 = Debug|Any CPU
		{363EC9D2-3F24-46AB-853E-4F77214A77F8}.Release|Any CPU.ActiveCfg = Release|Any CPU
		{363EC9D2-3F24-46AB-853E-4F77214A77F8}.Release|Any CPU.Build.0 = Release|Any CPU
		{79795E01-D5B3-472F-890D-0A36D5BD9394}.Debug|Any CPU.ActiveCfg = Debug|Any CPU
		{79795E01-D5B3-472F-890D-0A36D5BD9394}.Debug|Any CPU.Build.0 = Debug|Any CPU
		{79795E01-D5B3-472F-890D-0A36D5BD9394}.Release|Any CPU.ActiveCfg = Release|Any CPU
		{79795E01-D5B3-472F-890D-0A36D5BD9394}.Release|Any CPU.Build.0 = Release|Any CPU
		{F6C8A8D9-3BA4-4879-99B3-C85EF0754EAC}.Debug|Any CPU.ActiveCfg = Debug|Any CPU
		{F6C8A8D9-3BA4-4879-99B3-C85EF0754EAC}.Debug|Any CPU.Build.0 = Debug|Any CPU
		{F6C8A8D9-3BA4-4879-99B3-C85EF0754EAC}.Release|Any CPU.ActiveCfg = Release|Any CPU
		{F6C8A8D9-3BA4-4879-99B3-C85EF0754EAC}.Release|Any CPU.Build.0 = Release|Any CPU
		{AE5472FB-9870-4F2C-9F86-CA549156977C}.Debug|Any CPU.ActiveCfg = Debug|Any CPU
		{AE5472FB-9870-4F2C-9F86-CA549156977C}.Debug|Any CPU.Build.0 = Debug|Any CPU
		{AE5472FB-9870-4F2C-9F86-CA549156977C}.Release|Any CPU.ActiveCfg = Release|Any CPU
		{AE5472FB-9870-4F2C-9F86-CA549156977C}.Release|Any CPU.Build.0 = Release|Any CPU
		{D83CACC2-8A54-4440-AC28-64726097E7B1}.Debug|Any CPU.ActiveCfg = Debug|Any CPU
		{D83CACC2-8A54-4440-AC28-64726097E7B1}.Debug|Any CPU.Build.0 = Debug|Any CPU
		{D83CACC2-8A54-4440-AC28-64726097E7B1}.Release|Any CPU.ActiveCfg = Release|Any CPU
		{D83CACC2-8A54-4440-AC28-64726097E7B1}.Release|Any CPU.Build.0 = Release|Any CPU
		{A6512B36-E5FE-4B8C-BAB1-8589ABB39DCD}.Debug|Any CPU.ActiveCfg = Debug|Any CPU
		{A6512B36-E5FE-4B8C-BAB1-8589ABB39DCD}.Debug|Any CPU.Build.0 = Debug|Any CPU
		{A6512B36-E5FE-4B8C-BAB1-8589ABB39DCD}.Release|Any CPU.ActiveCfg = Release|Any CPU
		{A6512B36-E5FE-4B8C-BAB1-8589ABB39DCD}.Release|Any CPU.Build.0 = Release|Any CPU
		{60E80A48-CCDD-4C37-8DC4-C2C3F2A9FF37}.Debug|Any CPU.ActiveCfg = Debug|Any CPU
		{60E80A48-CCDD-4C37-8DC4-C2C3F2A9FF37}.Debug|Any CPU.Build.0 = Debug|Any CPU
		{60E80A48-CCDD-4C37-8DC4-C2C3F2A9FF37}.Release|Any CPU.ActiveCfg = Release|Any CPU
		{60E80A48-CCDD-4C37-8DC4-C2C3F2A9FF37}.Release|Any CPU.Build.0 = Release|Any CPU
	EndGlobalSection
	GlobalSection(SolutionProperties) = preSolution
		HideSolutionNode = FALSE
	EndGlobalSection
EndGlobal
