
Microsoft Visual Studio Solution File, Format Version 12.00
# Visual Studio Version 16
VisualStudioVersion = 16.0.30225.117
MinimumVisualStudioVersion = 10.0.40219.1
Project("{FAE04EC0-301F-11D3-BF4B-00C04F79EFBC}") = "U_EditOrders.scripting", "U_EditOrders.scripting.csproj", "{579E7ECC-EAB1-4505-B8E7-B9363DE29BF1}"
EndProject
Global
	GlobalSection(SolutionConfigurationPlatforms) = preSolution
		Debug|Any CPU = Debug|Any CPU
		Release|Any CPU = Release|Any CPU
	EndGlobalSection
	GlobalSection(ProjectConfigurationPlatforms) = postSolution
		{579E7ECC-EAB1-4505-B8E7-B9363DE29BF1}.Debug|Any CPU.ActiveCfg = Debug|Any CPU
		{579E7ECC-EAB1-4505-B8E7-B9363DE29BF1}.Debug|Any CPU.Build.0 = Debug|Any CPU
		{579E7ECC-EAB1-4505-B8E7-B9363DE29BF1}.Release|Any CPU.ActiveCfg = Release|Any CPU
		{579E7ECC-EAB1-4505-B8E7-B9363DE29BF1}.Release|Any CPU.Build.0 = Release|Any CPU
	EndGlobalSection
	GlobalSection(SolutionProperties) = preSolution
		HideSolutionNode = FALSE
	EndGlobalSection
	GlobalSection(ExtensibilityGlobals) = postSolution
		SolutionGuid = {565FA959-1463-479C-8342-60307D558A45}
	EndGlobalSection
EndGlobal
