
Microsoft Visual Studio Solution File, Format Version 12.00
# Visual Studio 15
VisualStudioVersion = 15.0.28307.1525
MinimumVisualStudioVersion = 10.0.40219.1
Project("{FAE04EC0-301F-11D3-BF4B-00C04F79EFBC}") = "LayoutApp", "LayoutApp\LayoutApp.csproj", "{0946706C-10AB-4B8D-ABF1-F5FDF1A7C1B4}"
EndProject
Project("{FAE04EC0-301F-11D3-BF4B-00C04F79EFBC}") = "LayoutApp2", "LayoutApp2\LayoutApp2.csproj", "{D2C7D2CD-1A43-4424-8227-C70750355FC1}"
EndProject
Project("{FAE04EC0-301F-11D3-BF4B-00C04F79EFBC}") = "LayoutApp3", "LayoutApp3\LayoutApp3.csproj", "{811953B8-0788-4703-8AAC-F84963DE9E9F}"
EndProject
Global
	GlobalSection(SolutionConfigurationPlatforms) = preSolution
		Debug|Any CPU = Debug|Any CPU
		Release|Any CPU = Release|Any CPU
	EndGlobalSection
	GlobalSection(ProjectConfigurationPlatforms) = postSolution
		{0946706C-10AB-4B8D-ABF1-F5FDF1A7C1B4}.Debug|Any CPU.ActiveCfg = Debug|Any CPU
		{0946706C-10AB-4B8D-ABF1-F5FDF1A7C1B4}.Debug|Any CPU.Build.0 = Debug|Any CPU
		{0946706C-10AB-4B8D-ABF1-F5FDF1A7C1B4}.Release|Any CPU.ActiveCfg = Release|Any CPU
		{0946706C-10AB-4B8D-ABF1-F5FDF1A7C1B4}.Release|Any CPU.Build.0 = Release|Any CPU
		{D2C7D2CD-1A43-4424-8227-C70750355FC1}.Debug|Any CPU.ActiveCfg = Debug|Any CPU
		{D2C7D2CD-1A43-4424-8227-C70750355FC1}.Debug|Any CPU.Build.0 = Debug|Any CPU
		{D2C7D2CD-1A43-4424-8227-C70750355FC1}.Release|Any CPU.ActiveCfg = Release|Any CPU
		{D2C7D2CD-1A43-4424-8227-C70750355FC1}.Release|Any CPU.Build.0 = Release|Any CPU
		{811953B8-0788-4703-8AAC-F84963DE9E9F}.Debug|Any CPU.ActiveCfg = Debug|Any CPU
		{811953B8-0788-4703-8AAC-F84963DE9E9F}.Debug|Any CPU.Build.0 = Debug|Any CPU
		{811953B8-0788-4703-8AAC-F84963DE9E9F}.Release|Any CPU.ActiveCfg = Release|Any CPU
		{811953B8-0788-4703-8AAC-F84963DE9E9F}.Release|Any CPU.Build.0 = Release|Any CPU
	EndGlobalSection
	GlobalSection(SolutionProperties) = preSolution
		HideSolutionNode = FALSE
	EndGlobalSection
	GlobalSection(ExtensibilityGlobals) = postSolution
		SolutionGuid = {169462CC-70CF-47FB-8310-37B8ABADAA09}
	EndGlobalSection
EndGlobal
