
Microsoft Visual Studio Solution File, Format Version 12.00
# Visual Studio 15
VisualStudioVersion = 15.0.28307.1062
MinimumVisualStudioVersion = 10.0.40219.1
Project("{FAE04EC0-301F-11D3-BF4B-00C04F79EFBC}") = "Recursion", "Recursion\Recursion.csproj", "{EE9B71C9-14C5-49CE-99F6-2FCB8EA6D784}"
EndProject
Project("{FAE04EC0-301F-11D3-BF4B-00C04F79EFBC}") = "Recursion02", "Recursion02\Recursion02.csproj", "{D34E149D-4FEC-4AFC-954E-ACEC0918105D}"
EndProject
Project("{FAE04EC0-301F-11D3-BF4B-00C04F79EFBC}") = "Recursion03", "Recursion03\Recursion03.csproj", "{A5300AC3-70F0-440D-A033-F4C59D3608DD}"
EndProject
Global
	GlobalSection(SolutionConfigurationPlatforms) = preSolution
		Debug|Any CPU = Debug|Any CPU
		Release|Any CPU = Release|Any CPU
	EndGlobalSection
	GlobalSection(ProjectConfigurationPlatforms) = postSolution
		{EE9B71C9-14C5-49CE-99F6-2FCB8EA6D784}.Debug|Any CPU.ActiveCfg = Debug|Any CPU
		{EE9B71C9-14C5-49CE-99F6-2FCB8EA6D784}.Debug|Any CPU.Build.0 = Debug|Any CPU
		{EE9B71C9-14C5-49CE-99F6-2FCB8EA6D784}.Release|Any CPU.ActiveCfg = Release|Any CPU
		{EE9B71C9-14C5-49CE-99F6-2FCB8EA6D784}.Release|Any CPU.Build.0 = Release|Any CPU
		{D34E149D-4FEC-4AFC-954E-ACEC0918105D}.Debug|Any CPU.ActiveCfg = Debug|Any CPU
		{D34E149D-4FEC-4AFC-954E-ACEC0918105D}.Debug|Any CPU.Build.0 = Debug|Any CPU
		{D34E149D-4FEC-4AFC-954E-ACEC0918105D}.Release|Any CPU.ActiveCfg = Release|Any CPU
		{D34E149D-4FEC-4AFC-954E-ACEC0918105D}.Release|Any CPU.Build.0 = Release|Any CPU
		{A5300AC3-70F0-440D-A033-F4C59D3608DD}.Debug|Any CPU.ActiveCfg = Debug|Any CPU
		{A5300AC3-70F0-440D-A033-F4C59D3608DD}.Debug|Any CPU.Build.0 = Debug|Any CPU
		{A5300AC3-70F0-440D-A033-F4C59D3608DD}.Release|Any CPU.ActiveCfg = Release|Any CPU
		{A5300AC3-70F0-440D-A033-F4C59D3608DD}.Release|Any CPU.Build.0 = Release|Any CPU
	EndGlobalSection
	GlobalSection(SolutionProperties) = preSolution
		HideSolutionNode = FALSE
	EndGlobalSection
	GlobalSection(ExtensibilityGlobals) = postSolution
		SolutionGuid = {5E797539-DAB9-4D78-B7E3-E46CE30A1872}
	EndGlobalSection
EndGlobal
