
Microsoft Visual Studio Solution File, Format Version 12.00
# Visual Studio 15
VisualStudioVersion = 15.0.28307.1525
MinimumVisualStudioVersion = 10.0.40219.1
Project("{FAE04EC0-301F-11D3-BF4B-00C04F79EFBC}") = "LayoutApp", "LayoutApp\LayoutApp.csproj", "{65DDCC5D-36DE-4E66-9D40-F6BAF6B4C039}"
EndProject
Project("{FAE04EC0-301F-11D3-BF4B-00C04F79EFBC}") = "LayoutApp2", "LayoutApp2\LayoutApp2.csproj", "{F39DE0E9-22E0-4EFF-8C51-7ECADD47D8A3}"
EndProject
Project("{FAE04EC0-301F-11D3-BF4B-00C04F79EFBC}") = "LayoutApp3", "LayoutApp3\LayoutApp3.csproj", "{D2835404-D8E5-43AD-90B6-344E94D70602}"
EndProject
Global
	GlobalSection(SolutionConfigurationPlatforms) = preSolution
		Debug|Any CPU = Debug|Any CPU
		Release|Any CPU = Release|Any CPU
	EndGlobalSection
	GlobalSection(ProjectConfigurationPlatforms) = postSolution
		{65DDCC5D-36DE-4E66-9D40-F6BAF6B4C039}.Debug|Any CPU.ActiveCfg = Debug|Any CPU
		{65DDCC5D-36DE-4E66-9D40-F6BAF6B4C039}.Debug|Any CPU.Build.0 = Debug|Any CPU
		{65DDCC5D-36DE-4E66-9D40-F6BAF6B4C039}.Release|Any CPU.ActiveCfg = Release|Any CPU
		{65DDCC5D-36DE-4E66-9D40-F6BAF6B4C039}.Release|Any CPU.Build.0 = Release|Any CPU
		{F39DE0E9-22E0-4EFF-8C51-7ECADD47D8A3}.Debug|Any CPU.ActiveCfg = Debug|Any CPU
		{F39DE0E9-22E0-4EFF-8C51-7ECADD47D8A3}.Debug|Any CPU.Build.0 = Debug|Any CPU
		{F39DE0E9-22E0-4EFF-8C51-7ECADD47D8A3}.Release|Any CPU.ActiveCfg = Release|Any CPU
		{F39DE0E9-22E0-4EFF-8C51-7ECADD47D8A3}.Release|Any CPU.Build.0 = Release|Any CPU
		{D2835404-D8E5-43AD-90B6-344E94D70602}.Debug|Any CPU.ActiveCfg = Debug|Any CPU
		{D2835404-D8E5-43AD-90B6-344E94D70602}.Debug|Any CPU.Build.0 = Debug|Any CPU
		{D2835404-D8E5-43AD-90B6-344E94D70602}.Release|Any CPU.ActiveCfg = Release|Any CPU
		{D2835404-D8E5-43AD-90B6-344E94D70602}.Release|Any CPU.Build.0 = Release|Any CPU
	EndGlobalSection
	GlobalSection(SolutionProperties) = preSolution
		HideSolutionNode = FALSE
	EndGlobalSection
	GlobalSection(ExtensibilityGlobals) = postSolution
		SolutionGuid = {A8F43C9D-2D56-4260-B9BA-DE4E79942799}
	EndGlobalSection
EndGlobal
