
Microsoft Visual Studio Solution File, Format Version 11.00
# Visual Studio 2010
Project("{FAE04EC0-301F-11D3-BF4B-00C04F79EFBC}") = "TextBox", "TextBox\TextBox.csproj", "{80798E07-BDEA-4560-9BE2-9C81B40629D1}"
EndProject
Global
	GlobalSection(SolutionConfigurationPlatforms) = preSolution
		Debug|x86 = Debug|x86
		Release|x86 = Release|x86
	EndGlobalSection
	GlobalSection(ProjectConfigurationPlatforms) = postSolution
		{80798E07-BDEA-4560-9BE2-9C81B40629D1}.Debug|x86.ActiveCfg = Debug|x86
		{80798E07-BDEA-4560-9BE2-9C81B40629D1}.Debug|x86.Build.0 = Debug|x86
		{80798E07-BDEA-4560-9BE2-9C81B40629D1}.Release|x86.ActiveCfg = Release|x86
		{80798E07-BDEA-4560-9BE2-9C81B40629D1}.Release|x86.Build.0 = Release|x86
	EndGlobalSection
	GlobalSection(SolutionProperties) = preSolution
		HideSolutionNode = FALSE
	EndGlobalSection
EndGlobal
