
Microsoft Visual Studio Solution File, Format Version 12.00
# Visual Studio 15
VisualStudioVersion = 15.0.28307.1259
MinimumVisualStudioVersion = 10.0.40219.1
Project("{FAE04EC0-301F-11D3-BF4B-00C04F79EFBC}") = "ConsoleApp1", "ConsoleApp1\ConsoleApp1.csproj", "{FD029D40-F058-4F12-B566-DF08B6F3ADCE}"
EndProject
Project("{FAE04EC0-301F-11D3-BF4B-00C04F79EFBC}") = "ConsoleApp2", "ConsoleApp2\ConsoleApp2.csproj", "{DC4AAFBF-77D7-4258-B94F-4DCD3BD605E8}"
EndProject
Project("{FAE04EC0-301F-11D3-BF4B-00C04F79EFBC}") = "ConsoleApp3", "ConsoleApp3\ConsoleApp3.csproj", "{24E11D6C-8C43-4FAF-A8B2-C08F17DB6590}"
EndProject
Global
	GlobalSection(SolutionConfigurationPlatforms) = preSolution
		Debug|Any CPU = Debug|Any CPU
		Release|Any CPU = Release|Any CPU
	EndGlobalSection
	GlobalSection(ProjectConfigurationPlatforms) = postSolution
		{FD029D40-F058-4F12-B566-DF08B6F3ADCE}.Debug|Any CPU.ActiveCfg = Debug|Any CPU
		{FD029D40-F058-4F12-B566-DF08B6F3ADCE}.Debug|Any CPU.Build.0 = Debug|Any CPU
		{FD029D40-F058-4F12-B566-DF08B6F3ADCE}.Release|Any CPU.ActiveCfg = Release|Any CPU
		{FD029D40-F058-4F12-B566-DF08B6F3ADCE}.Release|Any CPU.Build.0 = Release|Any CPU
		{DC4AAFBF-77D7-4258-B94F-4DCD3BD605E8}.Debug|Any CPU.ActiveCfg = Debug|Any CPU
		{DC4AAFBF-77D7-4258-B94F-4DCD3BD605E8}.Debug|Any CPU.Build.0 = Debug|Any CPU
		{DC4AAFBF-77D7-4258-B94F-4DCD3BD605E8}.Release|Any CPU.ActiveCfg = Release|Any CPU
		{DC4AAFBF-77D7-4258-B94F-4DCD3BD605E8}.Release|Any CPU.Build.0 = Release|Any CPU
		{24E11D6C-8C43-4FAF-A8B2-C08F17DB6590}.Debug|Any CPU.ActiveCfg = Debug|Any CPU
		{24E11D6C-8C43-4FAF-A8B2-C08F17DB6590}.Debug|Any CPU.Build.0 = Debug|Any CPU
		{24E11D6C-8C43-4FAF-A8B2-C08F17DB6590}.Release|Any CPU.ActiveCfg = Release|Any CPU
		{24E11D6C-8C43-4FAF-A8B2-C08F17DB6590}.Release|Any CPU.Build.0 = Release|Any CPU
	EndGlobalSection
	GlobalSection(SolutionProperties) = preSolution
		HideSolutionNode = FALSE
	EndGlobalSection
	GlobalSection(ExtensibilityGlobals) = postSolution
		SolutionGuid = {82238E68-C7CC-4D16-A14F-149E906DBA84}
	EndGlobalSection
EndGlobal
