
Microsoft Visual Studio Solution File, Format Version 12.00
# Visual Studio 15
VisualStudioVersion = 15.0.28307.1525
MinimumVisualStudioVersion = 10.0.40219.1
Project("{FAE04EC0-301F-11D3-BF4B-00C04F79EFBC}") = "GridSplitterApp", "GridSplitterApp\GridSplitterApp.csproj", "{206936D2-9FC6-4F9B-AFFB-4ABE597E84C0}"
EndProject
Project("{FAE04EC0-301F-11D3-BF4B-00C04F79EFBC}") = "GridSplitterApp2", "GridSplitterApp2\GridSplitterApp2.csproj", "{7E1D4DFC-2515-4C9D-9A46-7A23380631E5}"
EndProject
Project("{FAE04EC0-301F-11D3-BF4B-00C04F79EFBC}") = "GridSplitterApp3", "GridSplitterApp3\GridSplitterApp3.csproj", "{F223B875-CBE4-44D9-A695-D18D9D8A499D}"
EndProject
Global
	GlobalSection(SolutionConfigurationPlatforms) = preSolution
		Debug|Any CPU = Debug|Any CPU
		Release|Any CPU = Release|Any CPU
	EndGlobalSection
	GlobalSection(ProjectConfigurationPlatforms) = postSolution
		{206936D2-9FC6-4F9B-AFFB-4ABE597E84C0}.Debug|Any CPU.ActiveCfg = Debug|Any CPU
		{206936D2-9FC6-4F9B-AFFB-4ABE597E84C0}.Debug|Any CPU.Build.0 = Debug|Any CPU
		{206936D2-9FC6-4F9B-AFFB-4ABE597E84C0}.Release|Any CPU.ActiveCfg = Release|Any CPU
		{206936D2-9FC6-4F9B-AFFB-4ABE597E84C0}.Release|Any CPU.Build.0 = Release|Any CPU
		{7E1D4DFC-2515-4C9D-9A46-7A23380631E5}.Debug|Any CPU.ActiveCfg = Debug|Any CPU
		{7E1D4DFC-2515-4C9D-9A46-7A23380631E5}.Debug|Any CPU.Build.0 = Debug|Any CPU
		{7E1D4DFC-2515-4C9D-9A46-7A23380631E5}.Release|Any CPU.ActiveCfg = Release|Any CPU
		{7E1D4DFC-2515-4C9D-9A46-7A23380631E5}.Release|Any CPU.Build.0 = Release|Any CPU
		{F223B875-CBE4-44D9-A695-D18D9D8A499D}.Debug|Any CPU.ActiveCfg = Debug|Any CPU
		{F223B875-CBE4-44D9-A695-D18D9D8A499D}.Debug|Any CPU.Build.0 = Debug|Any CPU
		{F223B875-CBE4-44D9-A695-D18D9D8A499D}.Release|Any CPU.ActiveCfg = Release|Any CPU
		{F223B875-CBE4-44D9-A695-D18D9D8A499D}.Release|Any CPU.Build.0 = Release|Any CPU
	EndGlobalSection
	GlobalSection(SolutionProperties) = preSolution
		HideSolutionNode = FALSE
	EndGlobalSection
	GlobalSection(ExtensibilityGlobals) = postSolution
		SolutionGuid = {835B9A51-60B3-492A-8AC7-0DEA0ED67AE1}
	EndGlobalSection
EndGlobal
