
Microsoft Visual Studio Solution File, Format Version 10.00
# Visual C# Express 2008
Project("{FAE04EC0-301F-11D3-BF4B-00C04F79EFBC}") = "WindowsFormsApplication1", "WindowsFormsApplication1\WindowsFormsApplication1.csproj", "{240C7AF2-5E60-4295-997F-E565A07F0F1C}"
EndProject
Global
	GlobalSection(SolutionConfigurationPlatforms) = preSolution
		Debug|Any CPU = Debug|Any CPU
		Release|Any CPU = Release|Any CPU
	EndGlobalSection
	GlobalSection(ProjectConfigurationPlatforms) = postSolution
		{240C7AF2-5E60-4295-997F-E565A07F0F1C}.Debug|Any CPU.ActiveCfg = Debug|Any CPU
		{240C7AF2-5E60-4295-997F-E565A07F0F1C}.Debug|Any CPU.Build.0 = Debug|Any CPU
		{240C7AF2-5E60-4295-997F-E565A07F0F1C}.Release|Any CPU.ActiveCfg = Release|Any CPU
		{240C7AF2-5E60-4295-997F-E565A07F0F1C}.Release|Any CPU.Build.0 = Release|Any CPU
	EndGlobalSection
	GlobalSection(SolutionProperties) = preSolution
		HideSolutionNode = FALSE
	EndGlobalSection
EndGlobal
