
Microsoft Visual Studio Solution File, Format Version 12.00
# Visual Studio 2012
Project("{FAE04EC0-301F-11D3-BF4B-00C04F79EFBC}") = "WpfMultiThread_smp1", "WpfMultiThread_smp1\WpfMultiThread_smp1.csproj", "{64F38E04-0A2A-4B3E-A7A8-5A0C9332E4EF}"
EndProject
Project("{FAE04EC0-301F-11D3-BF4B-00C04F79EFBC}") = "WpfMultiThread_smp2", "WpfMultiThread_smp2\WpfMultiThread_smp2.csproj", "{ACC8EEE7-50A4-49FC-8D98-D16B76742F46}"
EndProject
Global
	GlobalSection(SolutionConfigurationPlatforms) = preSolution
		Debug|Any CPU = Debug|Any CPU
		Debug|Mixed Platforms = Debug|Mixed Platforms
		Debug|x86 = Debug|x86
		Release|Any CPU = Release|Any CPU
		Release|Mixed Platforms = Release|Mixed Platforms
		Release|x86 = Release|x86
	EndGlobalSection
	GlobalSection(ProjectConfigurationPlatforms) = postSolution
		{64F38E04-0A2A-4B3E-A7A8-5A0C9332E4EF}.Debug|Any CPU.ActiveCfg = Debug|x86
		{64F38E04-0A2A-4B3E-A7A8-5A0C9332E4EF}.Debug|Mixed Platforms.ActiveCfg = Debug|x86
		{64F38E04-0A2A-4B3E-A7A8-5A0C9332E4EF}.Debug|Mixed Platforms.Build.0 = Debug|x86
		{64F38E04-0A2A-4B3E-A7A8-5A0C9332E4EF}.Debug|x86.ActiveCfg = Debug|x86
		{64F38E04-0A2A-4B3E-A7A8-5A0C9332E4EF}.Debug|x86.Build.0 = Debug|x86
		{64F38E04-0A2A-4B3E-A7A8-5A0C9332E4EF}.Release|Any CPU.ActiveCfg = Release|x86
		{64F38E04-0A2A-4B3E-A7A8-5A0C9332E4EF}.Release|Mixed Platforms.ActiveCfg = Release|x86
		{64F38E04-0A2A-4B3E-A7A8-5A0C9332E4EF}.Release|Mixed Platforms.Build.0 = Release|x86
		{64F38E04-0A2A-4B3E-A7A8-5A0C9332E4EF}.Release|x86.ActiveCfg = Release|x86
		{64F38E04-0A2A-4B3E-A7A8-5A0C9332E4EF}.Release|x86.Build.0 = Release|x86
		{ACC8EEE7-50A4-49FC-8D98-D16B76742F46}.Debug|Any CPU.ActiveCfg = Debug|x86
		{ACC8EEE7-50A4-49FC-8D98-D16B76742F46}.Debug|Mixed Platforms.ActiveCfg = Debug|x86
		{ACC8EEE7-50A4-49FC-8D98-D16B76742F46}.Debug|Mixed Platforms.Build.0 = Debug|x86
		{ACC8EEE7-50A4-49FC-8D98-D16B76742F46}.Debug|x86.ActiveCfg = Debug|x86
		{ACC8EEE7-50A4-49FC-8D98-D16B76742F46}.Debug|x86.Build.0 = Debug|x86
		{ACC8EEE7-50A4-49FC-8D98-D16B76742F46}.Release|Any CPU.ActiveCfg = Release|x86
		{ACC8EEE7-50A4-49FC-8D98-D16B76742F46}.Release|Mixed Platforms.ActiveCfg = Release|x86
		{ACC8EEE7-50A4-49FC-8D98-D16B76742F46}.Release|Mixed Platforms.Build.0 = Release|x86
		{ACC8EEE7-50A4-49FC-8D98-D16B76742F46}.Release|x86.ActiveCfg = Release|x86
		{ACC8EEE7-50A4-49FC-8D98-D16B76742F46}.Release|x86.Build.0 = Release|x86
	EndGlobalSection
	GlobalSection(SolutionProperties) = preSolution
		HideSolutionNode = FALSE
	EndGlobalSection
EndGlobal
