
Microsoft Visual Studio Solution File, Format Version 12.00
# Visual Studio 15
VisualStudioVersion = 15.0.28307.1401
MinimumVisualStudioVersion = 10.0.40219.1
Project("{FAE04EC0-301F-11D3-BF4B-00C04F79EFBC}") = "_Abs_01", "_Abs_\_Abs_01.csproj", "{41F8E710-C554-481C-B46B-203D643C2C9A}"
EndProject
Project("{FAE04EC0-301F-11D3-BF4B-00C04F79EFBC}") = "_Abs_02", "_Abs_02\_Abs_02.csproj", "{79B543A1-18D9-4309-9024-3416C90F23C4}"
EndProject
Project("{FAE04EC0-301F-11D3-BF4B-00C04F79EFBC}") = "_Abs_03", "_Abs_03\_Abs_03.csproj", "{5279BD9D-FF23-497A-9505-CED0DAD39B8C}"
EndProject
Project("{FAE04EC0-301F-11D3-BF4B-00C04F79EFBC}") = "_Abs_04", "_Abs_04\_Abs_04.csproj", "{5875041C-D22E-4651-A95C-F94C841AE9E4}"
EndProject
Project("{FAE04EC0-301F-11D3-BF4B-00C04F79EFBC}") = "_Abs_05", "_Abs_05\_Abs_05.csproj", "{A8E0E64A-7562-4958-94D5-CD9511320847}"
EndProject
Project("{FAE04EC0-301F-11D3-BF4B-00C04F79EFBC}") = "_Abs_06", "_Abs_06\_Abs_06.csproj", "{959EC32F-D6EF-460A-AE1A-956B8C822030}"
EndProject
Global
	GlobalSection(SolutionConfigurationPlatforms) = preSolution
		Debug|Any CPU = Debug|Any CPU
		Release|Any CPU = Release|Any CPU
	EndGlobalSection
	GlobalSection(ProjectConfigurationPlatforms) = postSolution
		{41F8E710-C554-481C-B46B-203D643C2C9A}.Debug|Any CPU.ActiveCfg = Debug|Any CPU
		{41F8E710-C554-481C-B46B-203D643C2C9A}.Debug|Any CPU.Build.0 = Debug|Any CPU
		{41F8E710-C554-481C-B46B-203D643C2C9A}.Release|Any CPU.ActiveCfg = Release|Any CPU
		{41F8E710-C554-481C-B46B-203D643C2C9A}.Release|Any CPU.Build.0 = Release|Any CPU
		{79B543A1-18D9-4309-9024-3416C90F23C4}.Debug|Any CPU.ActiveCfg = Debug|Any CPU
		{79B543A1-18D9-4309-9024-3416C90F23C4}.Debug|Any CPU.Build.0 = Debug|Any CPU
		{79B543A1-18D9-4309-9024-3416C90F23C4}.Release|Any CPU.ActiveCfg = Release|Any CPU
		{79B543A1-18D9-4309-9024-3416C90F23C4}.Release|Any CPU.Build.0 = Release|Any CPU
		{5279BD9D-FF23-497A-9505-CED0DAD39B8C}.Debug|Any CPU.ActiveCfg = Debug|Any CPU
		{5279BD9D-FF23-497A-9505-CED0DAD39B8C}.Debug|Any CPU.Build.0 = Debug|Any CPU
		{5279BD9D-FF23-497A-9505-CED0DAD39B8C}.Release|Any CPU.ActiveCfg = Release|Any CPU
		{5279BD9D-FF23-497A-9505-CED0DAD39B8C}.Release|Any CPU.Build.0 = Release|Any CPU
		{5875041C-D22E-4651-A95C-F94C841AE9E4}.Debug|Any CPU.ActiveCfg = Debug|Any CPU
		{5875041C-D22E-4651-A95C-F94C841AE9E4}.Debug|Any CPU.Build.0 = Debug|Any CPU
		{5875041C-D22E-4651-A95C-F94C841AE9E4}.Release|Any CPU.ActiveCfg = Release|Any CPU
		{5875041C-D22E-4651-A95C-F94C841AE9E4}.Release|Any CPU.Build.0 = Release|Any CPU
		{A8E0E64A-7562-4958-94D5-CD9511320847}.Debug|Any CPU.ActiveCfg = Debug|Any CPU
		{A8E0E64A-7562-4958-94D5-CD9511320847}.Debug|Any CPU.Build.0 = Debug|Any CPU
		{A8E0E64A-7562-4958-94D5-CD9511320847}.Release|Any CPU.ActiveCfg = Release|Any CPU
		{A8E0E64A-7562-4958-94D5-CD9511320847}.Release|Any CPU.Build.0 = Release|Any CPU
		{959EC32F-D6EF-460A-AE1A-956B8C822030}.Debug|Any CPU.ActiveCfg = Debug|Any CPU
		{959EC32F-D6EF-460A-AE1A-956B8C822030}.Debug|Any CPU.Build.0 = Debug|Any CPU
		{959EC32F-D6EF-460A-AE1A-956B8C822030}.Release|Any CPU.ActiveCfg = Release|Any CPU
		{959EC32F-D6EF-460A-AE1A-956B8C822030}.Release|Any CPU.Build.0 = Release|Any CPU
	EndGlobalSection
	GlobalSection(SolutionProperties) = preSolution
		HideSolutionNode = FALSE
	EndGlobalSection
	GlobalSection(ExtensibilityGlobals) = postSolution
		SolutionGuid = {45A13B2F-AA6E-4054-8111-75D0D13A2B2E}
	EndGlobalSection
EndGlobal
