
Microsoft Visual Studio Solution File, Format Version 12.00
# Visual Studio 15
VisualStudioVersion = 15.0.28307.1525
MinimumVisualStudioVersion = 10.0.40219.1
Project("{FAE04EC0-301F-11D3-BF4B-00C04F79EFBC}") = "CommandsApp", "CommandsApp\CommandsApp.csproj", "{E61756B0-5018-4CED-8206-5BB4C4144D44}"
EndProject
Project("{FAE04EC0-301F-11D3-BF4B-00C04F79EFBC}") = "CommandsApp2", "CommandsApp2\CommandsApp2.csproj", "{032840AA-C5F6-44EE-9B6E-806333E5318D}"
EndProject
Project("{FAE04EC0-301F-11D3-BF4B-00C04F79EFBC}") = "CommandsApp3", "CommandsApp3\CommandsApp3.csproj", "{9F608B23-2197-4E35-B19E-A8B9F9BD119A}"
EndProject
Global
	GlobalSection(SolutionConfigurationPlatforms) = preSolution
		Debug|Any CPU = Debug|Any CPU
		Release|Any CPU = Release|Any CPU
	EndGlobalSection
	GlobalSection(ProjectConfigurationPlatforms) = postSolution
		{E61756B0-5018-4CED-8206-5BB4C4144D44}.Debug|Any CPU.ActiveCfg = Debug|Any CPU
		{E61756B0-5018-4CED-8206-5BB4C4144D44}.Debug|Any CPU.Build.0 = Debug|Any CPU
		{E61756B0-5018-4CED-8206-5BB4C4144D44}.Release|Any CPU.ActiveCfg = Release|Any CPU
		{E61756B0-5018-4CED-8206-5BB4C4144D44}.Release|Any CPU.Build.0 = Release|Any CPU
		{032840AA-C5F6-44EE-9B6E-806333E5318D}.Debug|Any CPU.ActiveCfg = Debug|Any CPU
		{032840AA-C5F6-44EE-9B6E-806333E5318D}.Debug|Any CPU.Build.0 = Debug|Any CPU
		{032840AA-C5F6-44EE-9B6E-806333E5318D}.Release|Any CPU.ActiveCfg = Release|Any CPU
		{032840AA-C5F6-44EE-9B6E-806333E5318D}.Release|Any CPU.Build.0 = Release|Any CPU
		{9F608B23-2197-4E35-B19E-A8B9F9BD119A}.Debug|Any CPU.ActiveCfg = Debug|Any CPU
		{9F608B23-2197-4E35-B19E-A8B9F9BD119A}.Debug|Any CPU.Build.0 = Debug|Any CPU
		{9F608B23-2197-4E35-B19E-A8B9F9BD119A}.Release|Any CPU.ActiveCfg = Release|Any CPU
		{9F608B23-2197-4E35-B19E-A8B9F9BD119A}.Release|Any CPU.Build.0 = Release|Any CPU
	EndGlobalSection
	GlobalSection(SolutionProperties) = preSolution
		HideSolutionNode = FALSE
	EndGlobalSection
	GlobalSection(ExtensibilityGlobals) = postSolution
		SolutionGuid = {E515E7E8-4DFC-4B1F-8F84-BA6BE947B80B}
	EndGlobalSection
EndGlobal
