
Microsoft Visual Studio Solution File, Format Version 12.00
# Visual Studio 15
VisualStudioVersion = 15.0.28307.1062
MinimumVisualStudioVersion = 10.0.40219.1
Project("{FAE04EC0-301F-11D3-BF4B-00C04F79EFBC}") = "Tuple", "Tuple\Tuple.csproj", "{CD390071-B6BF-4455-8FD9-6D507806AAF1}"
EndProject
Project("{FAE04EC0-301F-11D3-BF4B-00C04F79EFBC}") = "Tuple02", "Tuple02\Tuple02.csproj", "{02D25626-0D65-4389-B729-4941A7C94C45}"
EndProject
Project("{FAE04EC0-301F-11D3-BF4B-00C04F79EFBC}") = "Tuple03", "Tuple03\Tuple03.csproj", "{E5EB05D2-CA75-482C-BEC0-3010A373A671}"
EndProject
Project("{FAE04EC0-301F-11D3-BF4B-00C04F79EFBC}") = "Tuple04", "Tuple04\Tuple04.csproj", "{30A9D313-210F-4062-87ED-02BE6DE9FA9E}"
EndProject
Project("{FAE04EC0-301F-11D3-BF4B-00C04F79EFBC}") = "Tuple05", "Tuple05\Tuple05.csproj", "{C222A909-BCB4-4292-818D-68A51027081F}"
EndProject
Global
	GlobalSection(SolutionConfigurationPlatforms) = preSolution
		Debug|Any CPU = Debug|Any CPU
		Release|Any CPU = Release|Any CPU
	EndGlobalSection
	GlobalSection(ProjectConfigurationPlatforms) = postSolution
		{CD390071-B6BF-4455-8FD9-6D507806AAF1}.Debug|Any CPU.ActiveCfg = Debug|Any CPU
		{CD390071-B6BF-4455-8FD9-6D507806AAF1}.Debug|Any CPU.Build.0 = Debug|Any CPU
		{CD390071-B6BF-4455-8FD9-6D507806AAF1}.Release|Any CPU.ActiveCfg = Release|Any CPU
		{CD390071-B6BF-4455-8FD9-6D507806AAF1}.Release|Any CPU.Build.0 = Release|Any CPU
		{02D25626-0D65-4389-B729-4941A7C94C45}.Debug|Any CPU.ActiveCfg = Debug|Any CPU
		{02D25626-0D65-4389-B729-4941A7C94C45}.Debug|Any CPU.Build.0 = Debug|Any CPU
		{02D25626-0D65-4389-B729-4941A7C94C45}.Release|Any CPU.ActiveCfg = Release|Any CPU
		{02D25626-0D65-4389-B729-4941A7C94C45}.Release|Any CPU.Build.0 = Release|Any CPU
		{E5EB05D2-CA75-482C-BEC0-3010A373A671}.Debug|Any CPU.ActiveCfg = Debug|Any CPU
		{E5EB05D2-CA75-482C-BEC0-3010A373A671}.Debug|Any CPU.Build.0 = Debug|Any CPU
		{E5EB05D2-CA75-482C-BEC0-3010A373A671}.Release|Any CPU.ActiveCfg = Release|Any CPU
		{E5EB05D2-CA75-482C-BEC0-3010A373A671}.Release|Any CPU.Build.0 = Release|Any CPU
		{30A9D313-210F-4062-87ED-02BE6DE9FA9E}.Debug|Any CPU.ActiveCfg = Debug|Any CPU
		{30A9D313-210F-4062-87ED-02BE6DE9FA9E}.Debug|Any CPU.Build.0 = Debug|Any CPU
		{30A9D313-210F-4062-87ED-02BE6DE9FA9E}.Release|Any CPU.ActiveCfg = Release|Any CPU
		{30A9D313-210F-4062-87ED-02BE6DE9FA9E}.Release|Any CPU.Build.0 = Release|Any CPU
		{C222A909-BCB4-4292-818D-68A51027081F}.Debug|Any CPU.ActiveCfg = Debug|Any CPU
		{C222A909-BCB4-4292-818D-68A51027081F}.Debug|Any CPU.Build.0 = Debug|Any CPU
		{C222A909-BCB4-4292-818D-68A51027081F}.Release|Any CPU.ActiveCfg = Release|Any CPU
		{C222A909-BCB4-4292-818D-68A51027081F}.Release|Any CPU.Build.0 = Release|Any CPU
	EndGlobalSection
	GlobalSection(SolutionProperties) = preSolution
		HideSolutionNode = FALSE
	EndGlobalSection
	GlobalSection(ExtensibilityGlobals) = postSolution
		SolutionGuid = {E17B56B0-9F84-495D-9D15-9769FF029669}
	EndGlobalSection
EndGlobal
