
Microsoft Visual Studio Solution File, Format Version 12.00
# Visual Studio 15
VisualStudioVersion = 15.0.26430.4
MinimumVisualStudioVersion = 10.0.40219.1
Project("{FAE04EC0-301F-11D3-BF4B-00C04F79EFBC}") = "001_Arrays", "001_Arrays\001_Arrays.csproj", "{78455271-9FE6-43B9-8634-6351E50AC1C9}"
EndProject
Project("{FAE04EC0-301F-11D3-BF4B-00C04F79EFBC}") = "002_Arrays", "002_Arrays\002_Arrays.csproj", "{09C690BF-D1E5-4FE8-B4A6-5F6982AEAD70}"
EndProject
Project("{FAE04EC0-301F-11D3-BF4B-00C04F79EFBC}") = "003_Arrays", "003_Arrays\003_Arrays.csproj", "{85690DBC-95A4-43D5-99A2-497E6A37DA79}"
EndProject
Project("{FAE04EC0-301F-11D3-BF4B-00C04F79EFBC}") = "007_TwoDimensional", "007_TwoDimensional\007_TwoDimensional.csproj", "{964F4EB0-D371-4F34-95FE-51795463EA56}"
EndProject
Project("{FAE04EC0-301F-11D3-BF4B-00C04F79EFBC}") = "008_TwoDimensional", "008_TwoDimensional\008_TwoDimensional.csproj", "{5C253015-6854-427D-8C8F-B56493266E9D}"
EndProject
Project("{FAE04EC0-301F-11D3-BF4B-00C04F79EFBC}") = "009_TwoDimensional", "009_TwoDimensional\009_TwoDimensional.csproj", "{840082A3-94A1-444E-A2A9-2B9DF417A340}"
EndProject
Project("{FAE04EC0-301F-11D3-BF4B-00C04F79EFBC}") = "010_OneElement", "010_OneElement\010_OneElement.csproj", "{C26B41C8-06F7-45E1-8216-358250C410F4}"
EndProject
Project("{FAE04EC0-301F-11D3-BF4B-00C04F79EFBC}") = "011_ThreeDimensional", "011_ThreeDimensional\011_ThreeDimensional.csproj", "{B449C94E-13F2-48CD-8571-2069335E7FB4}"
EndProject
Project("{FAE04EC0-301F-11D3-BF4B-00C04F79EFBC}") = "012_ThreeDimensional", "012_ThreeDimensional\012_ThreeDimensional.csproj", "{81295BB0-E12F-4F16-A1ED-7DCD83DB43FD}"
EndProject
Project("{FAE04EC0-301F-11D3-BF4B-00C04F79EFBC}") = "015_Jagged", "015_Jagged\015_Jagged.csproj", "{4DFE9EBB-CA40-4FAF-B676-0B1792EA4531}"
EndProject
Project("{FAE04EC0-301F-11D3-BF4B-00C04F79EFBC}") = "013_FourDimensional", "013_FourDimensional\013_FourDimensional.csproj", "{F48277BC-A9FF-4A5F-A03D-939C533792F5}"
EndProject
Project("{FAE04EC0-301F-11D3-BF4B-00C04F79EFBC}") = "014_FourDimensional", "014_FourDimensional\014_FourDimensional.csproj", "{4E0B2BA1-9429-4F06-8CE3-C087FE4CA6C5}"
EndProject
Project("{FAE04EC0-301F-11D3-BF4B-00C04F79EFBC}") = "016_Jagged", "016_Jagged\016_Jagged.csproj", "{32F85A09-2688-4DDA-81D3-DC5CD7733F74}"
EndProject
Project("{FAE04EC0-301F-11D3-BF4B-00C04F79EFBC}") = "017_MethodWithArray", "017_MethodWithArray\017_MethodWithArray.csproj", "{76B63DF8-6E04-4161-ACD4-505E5E6AA2A7}"
EndProject
Project("{FAE04EC0-301F-11D3-BF4B-00C04F79EFBC}") = "018_Params", "018_Params\018_Params.csproj", "{37E13AC5-8469-4D04-ADE3-3ECDCB589EC9}"
EndProject
Global
	GlobalSection(SolutionConfigurationPlatforms) = preSolution
		Debug|Any CPU = Debug|Any CPU
		Release|Any CPU = Release|Any CPU
	EndGlobalSection
	GlobalSection(ProjectConfigurationPlatforms) = postSolution
		{78455271-9FE6-43B9-8634-6351E50AC1C9}.Debug|Any CPU.ActiveCfg = Debug|Any CPU
		{78455271-9FE6-43B9-8634-6351E50AC1C9}.Debug|Any CPU.Build.0 = Debug|Any CPU
		{78455271-9FE6-43B9-8634-6351E50AC1C9}.Release|Any CPU.ActiveCfg = Release|Any CPU
		{78455271-9FE6-43B9-8634-6351E50AC1C9}.Release|Any CPU.Build.0 = Release|Any CPU
		{09C690BF-D1E5-4FE8-B4A6-5F6982AEAD70}.Debug|Any CPU.ActiveCfg = Debug|Any CPU
		{09C690BF-D1E5-4FE8-B4A6-5F6982AEAD70}.Debug|Any CPU.Build.0 = Debug|Any CPU
		{09C690BF-D1E5-4FE8-B4A6-5F6982AEAD70}.Release|Any CPU.ActiveCfg = Release|Any CPU
		{09C690BF-D1E5-4FE8-B4A6-5F6982AEAD70}.Release|Any CPU.Build.0 = Release|Any CPU
		{85690DBC-95A4-43D5-99A2-497E6A37DA79}.Debug|Any CPU.ActiveCfg = Debug|Any CPU
		{85690DBC-95A4-43D5-99A2-497E6A37DA79}.Debug|Any CPU.Build.0 = Debug|Any CPU
		{85690DBC-95A4-43D5-99A2-497E6A37DA79}.Release|Any CPU.ActiveCfg = Release|Any CPU
		{85690DBC-95A4-43D5-99A2-497E6A37DA79}.Release|Any CPU.Build.0 = Release|Any CPU
		{964F4EB0-D371-4F34-95FE-51795463EA56}.Debug|Any CPU.ActiveCfg = Debug|Any CPU
		{964F4EB0-D371-4F34-95FE-51795463EA56}.Debug|Any CPU.Build.0 = Debug|Any CPU
		{964F4EB0-D371-4F34-95FE-51795463EA56}.Release|Any CPU.ActiveCfg = Release|Any CPU
		{964F4EB0-D371-4F34-95FE-51795463EA56}.Release|Any CPU.Build.0 = Release|Any CPU
		{5C253015-6854-427D-8C8F-B56493266E9D}.Debug|Any CPU.ActiveCfg = Debug|Any CPU
		{5C253015-6854-427D-8C8F-B56493266E9D}.Debug|Any CPU.Build.0 = Debug|Any CPU
		{5C253015-6854-427D-8C8F-B56493266E9D}.Release|Any CPU.ActiveCfg = Release|Any CPU
		{5C253015-6854-427D-8C8F-B56493266E9D}.Release|Any CPU.Build.0 = Release|Any CPU
		{840082A3-94A1-444E-A2A9-2B9DF417A340}.Debug|Any CPU.ActiveCfg = Debug|Any CPU
		{840082A3-94A1-444E-A2A9-2B9DF417A340}.Debug|Any CPU.Build.0 = Debug|Any CPU
		{840082A3-94A1-444E-A2A9-2B9DF417A340}.Release|Any CPU.ActiveCfg = Release|Any CPU
		{840082A3-94A1-444E-A2A9-2B9DF417A340}.Release|Any CPU.Build.0 = Release|Any CPU
		{C26B41C8-06F7-45E1-8216-358250C410F4}.Debug|Any CPU.ActiveCfg = Debug|Any CPU
		{C26B41C8-06F7-45E1-8216-358250C410F4}.Debug|Any CPU.Build.0 = Debug|Any CPU
		{C26B41C8-06F7-45E1-8216-358250C410F4}.Release|Any CPU.ActiveCfg = Release|Any CPU
		{C26B41C8-06F7-45E1-8216-358250C410F4}.Release|Any CPU.Build.0 = Release|Any CPU
		{B449C94E-13F2-48CD-8571-2069335E7FB4}.Debug|Any CPU.ActiveCfg = Debug|Any CPU
		{B449C94E-13F2-48CD-8571-2069335E7FB4}.Debug|Any CPU.Build.0 = Debug|Any CPU
		{B449C94E-13F2-48CD-8571-2069335E7FB4}.Release|Any CPU.ActiveCfg = Release|Any CPU
		{B449C94E-13F2-48CD-8571-2069335E7FB4}.Release|Any CPU.Build.0 = Release|Any CPU
		{81295BB0-E12F-4F16-A1ED-7DCD83DB43FD}.Debug|Any CPU.ActiveCfg = Debug|Any CPU
		{81295BB0-E12F-4F16-A1ED-7DCD83DB43FD}.Debug|Any CPU.Build.0 = Debug|Any CPU
		{81295BB0-E12F-4F16-A1ED-7DCD83DB43FD}.Release|Any CPU.ActiveCfg = Release|Any CPU
		{81295BB0-E12F-4F16-A1ED-7DCD83DB43FD}.Release|Any CPU.Build.0 = Release|Any CPU
		{4DFE9EBB-CA40-4FAF-B676-0B1792EA4531}.Debug|Any CPU.ActiveCfg = Debug|Any CPU
		{4DFE9EBB-CA40-4FAF-B676-0B1792EA4531}.Debug|Any CPU.Build.0 = Debug|Any CPU
		{4DFE9EBB-CA40-4FAF-B676-0B1792EA4531}.Release|Any CPU.ActiveCfg = Release|Any CPU
		{4DFE9EBB-CA40-4FAF-B676-0B1792EA4531}.Release|Any CPU.Build.0 = Release|Any CPU
		{F48277BC-A9FF-4A5F-A03D-939C533792F5}.Debug|Any CPU.ActiveCfg = Debug|Any CPU
		{F48277BC-A9FF-4A5F-A03D-939C533792F5}.Debug|Any CPU.Build.0 = Debug|Any CPU
		{F48277BC-A9FF-4A5F-A03D-939C533792F5}.Release|Any CPU.ActiveCfg = Release|Any CPU
		{F48277BC-A9FF-4A5F-A03D-939C533792F5}.Release|Any CPU.Build.0 = Release|Any CPU
		{4E0B2BA1-9429-4F06-8CE3-C087FE4CA6C5}.Debug|Any CPU.ActiveCfg = Debug|Any CPU
		{4E0B2BA1-9429-4F06-8CE3-C087FE4CA6C5}.Debug|Any CPU.Build.0 = Debug|Any CPU
		{4E0B2BA1-9429-4F06-8CE3-C087FE4CA6C5}.Release|Any CPU.ActiveCfg = Release|Any CPU
		{4E0B2BA1-9429-4F06-8CE3-C087FE4CA6C5}.Release|Any CPU.Build.0 = Release|Any CPU
		{32F85A09-2688-4DDA-81D3-DC5CD7733F74}.Debug|Any CPU.ActiveCfg = Debug|Any CPU
		{32F85A09-2688-4DDA-81D3-DC5CD7733F74}.Debug|Any CPU.Build.0 = Debug|Any CPU
		{32F85A09-2688-4DDA-81D3-DC5CD7733F74}.Release|Any CPU.ActiveCfg = Release|Any CPU
		{32F85A09-2688-4DDA-81D3-DC5CD7733F74}.Release|Any CPU.Build.0 = Release|Any CPU
		{76B63DF8-6E04-4161-ACD4-505E5E6AA2A7}.Debug|Any CPU.ActiveCfg = Debug|Any CPU
		{76B63DF8-6E04-4161-ACD4-505E5E6AA2A7}.Debug|Any CPU.Build.0 = Debug|Any CPU
		{76B63DF8-6E04-4161-ACD4-505E5E6AA2A7}.Release|Any CPU.ActiveCfg = Release|Any CPU
		{76B63DF8-6E04-4161-ACD4-505E5E6AA2A7}.Release|Any CPU.Build.0 = Release|Any CPU
		{37E13AC5-8469-4D04-ADE3-3ECDCB589EC9}.Debug|Any CPU.ActiveCfg = Debug|Any CPU
		{37E13AC5-8469-4D04-ADE3-3ECDCB589EC9}.Debug|Any CPU.Build.0 = Debug|Any CPU
		{37E13AC5-8469-4D04-ADE3-3ECDCB589EC9}.Release|Any CPU.ActiveCfg = Release|Any CPU
		{37E13AC5-8469-4D04-ADE3-3ECDCB589EC9}.Release|Any CPU.Build.0 = Release|Any CPU
	EndGlobalSection
	GlobalSection(SolutionProperties) = preSolution
		HideSolutionNode = FALSE
	EndGlobalSection
EndGlobal
