
Microsoft Visual Studio Solution File, Format Version 12.00
# Visual Studio 2012
# SharpDevelop 5.1
VisualStudioVersion = 15.0.28307.1062
MinimumVisualStudioVersion = 10.0.40219.1
Project("{FAE04EC0-301F-11D3-BF4B-00C04F79EFBC}") = "Classes", "Classes\Classes.csproj", "{9E13A45D-EF1E-49C7-99EF-0378268AE041}"
EndProject
Project("{FAE04EC0-301F-11D3-BF4B-00C04F79EFBC}") = "Classes02", "Classes02\Classes02.csproj", "{9E2B3EA3-63FB-4341-9452-5D8EECE7A24B}"
EndProject
Project("{FAE04EC0-301F-11D3-BF4B-00C04F79EFBC}") = "Classes03", "Classes03\Classes03.csproj", "{AB461915-5077-4045-BEE5-AEECAF87906B}"
EndProject
Project("{FAE04EC0-301F-11D3-BF4B-00C04F79EFBC}") = "Classes04", "Classes04\Classes04.csproj", "{E52E50F6-7718-43D4-A751-BB43EDF5F5A4}"
EndProject
Global
	GlobalSection(SolutionConfigurationPlatforms) = preSolution
		Debug|Any CPU = Debug|Any CPU
		Release|Any CPU = Release|Any CPU
	EndGlobalSection
	GlobalSection(ProjectConfigurationPlatforms) = postSolution
		{9E13A45D-EF1E-49C7-99EF-0378268AE041}.Debug|Any CPU.ActiveCfg = Debug|Any CPU
		{9E13A45D-EF1E-49C7-99EF-0378268AE041}.Debug|Any CPU.Build.0 = Debug|Any CPU
		{9E13A45D-EF1E-49C7-99EF-0378268AE041}.Release|Any CPU.ActiveCfg = Release|Any CPU
		{9E13A45D-EF1E-49C7-99EF-0378268AE041}.Release|Any CPU.Build.0 = Release|Any CPU
		{9E2B3EA3-63FB-4341-9452-5D8EECE7A24B}.Debug|Any CPU.ActiveCfg = Debug|Any CPU
		{9E2B3EA3-63FB-4341-9452-5D8EECE7A24B}.Debug|Any CPU.Build.0 = Debug|Any CPU
		{9E2B3EA3-63FB-4341-9452-5D8EECE7A24B}.Release|Any CPU.ActiveCfg = Release|Any CPU
		{9E2B3EA3-63FB-4341-9452-5D8EECE7A24B}.Release|Any CPU.Build.0 = Release|Any CPU
		{AB461915-5077-4045-BEE5-AEECAF87906B}.Debug|Any CPU.ActiveCfg = Debug|Any CPU
		{AB461915-5077-4045-BEE5-AEECAF87906B}.Debug|Any CPU.Build.0 = Debug|Any CPU
		{AB461915-5077-4045-BEE5-AEECAF87906B}.Release|Any CPU.ActiveCfg = Release|Any CPU
		{AB461915-5077-4045-BEE5-AEECAF87906B}.Release|Any CPU.Build.0 = Release|Any CPU
		{E52E50F6-7718-43D4-A751-BB43EDF5F5A4}.Debug|Any CPU.ActiveCfg = Debug|Any CPU
		{E52E50F6-7718-43D4-A751-BB43EDF5F5A4}.Debug|Any CPU.Build.0 = Debug|Any CPU
		{E52E50F6-7718-43D4-A751-BB43EDF5F5A4}.Release|Any CPU.ActiveCfg = Release|Any CPU
		{E52E50F6-7718-43D4-A751-BB43EDF5F5A4}.Release|Any CPU.Build.0 = Release|Any CPU
	EndGlobalSection
	GlobalSection(SolutionProperties) = preSolution
		HideSolutionNode = FALSE
	EndGlobalSection
	GlobalSection(ExtensibilityGlobals) = postSolution
		SolutionGuid = {CCADB8A2-AB01-4254-9A0A-028E2DF254B0}
	EndGlobalSection
EndGlobal
