
Microsoft Visual Studio Solution File, Format Version 12.00
# Visual Studio 15
VisualStudioVersion = 15.0.26430.4
MinimumVisualStudioVersion = 10.0.40219.1
Project("{FAE04EC0-301F-11D3-BF4B-00C04F79EFBC}") = "009_Methods_ref", "009_Methods_ref_in_out\009_Methods_ref.csproj", "{E1E965CE-A208-401B-9108-65C132A2AA41}"
EndProject
Project("{FAE04EC0-301F-11D3-BF4B-00C04F79EFBC}") = "010_Methods_out", "010_Methods_out\010_Methods_out.csproj", "{6624BA61-9EBD-4D5A-8E28-86790A6A86AF}"
EndProject
Project("{FAE04EC0-301F-11D3-BF4B-00C04F79EFBC}") = "011_Methods", "011_Methods\011_Methods.csproj", "{1D115C82-E82D-47E6-BDF5-D0F1C73DFCD2}"
EndProject
Project("{FAE04EC0-301F-11D3-BF4B-00C04F79EFBC}") = "012_Methods_in", "012_Methods_in\012_Methods_in.csproj", "{D6359B2A-3F3A-476C-BC58-162977F5D442}"
EndProject
Project("{FAE04EC0-301F-11D3-BF4B-00C04F79EFBC}") = "013_Methods_ref", "013_Methods_ref\013_Methods_ref.csproj", "{43B45B3E-A479-46E6-B151-693EE5AD3888}"
EndProject
Project("{FAE04EC0-301F-11D3-BF4B-00C04F79EFBC}") = "014_Methods_ref_ref", "014_Methods_ref_ref\014_Methods_ref_ref.csproj", "{7B8BCA02-F012-4259-A177-AA5B8DBD766D}"
EndProject
Project("{FAE04EC0-301F-11D3-BF4B-00C04F79EFBC}") = "015_Methods_ref_ref_out", "015_Methods_ref_ref_out\015_Methods_ref_ref_out.csproj", "{FE5BE4B6-C665-4422-82A2-A76A8707968D}"
EndProject
Global
	GlobalSection(SolutionConfigurationPlatforms) = preSolution
		Debug|Any CPU = Debug|Any CPU
		Release|Any CPU = Release|Any CPU
	EndGlobalSection
	GlobalSection(ProjectConfigurationPlatforms) = postSolution
		{E1E965CE-A208-401B-9108-65C132A2AA41}.Debug|Any CPU.ActiveCfg = Debug|Any CPU
		{E1E965CE-A208-401B-9108-65C132A2AA41}.Debug|Any CPU.Build.0 = Debug|Any CPU
		{E1E965CE-A208-401B-9108-65C132A2AA41}.Release|Any CPU.ActiveCfg = Release|Any CPU
		{E1E965CE-A208-401B-9108-65C132A2AA41}.Release|Any CPU.Build.0 = Release|Any CPU
		{6624BA61-9EBD-4D5A-8E28-86790A6A86AF}.Debug|Any CPU.ActiveCfg = Debug|Any CPU
		{6624BA61-9EBD-4D5A-8E28-86790A6A86AF}.Debug|Any CPU.Build.0 = Debug|Any CPU
		{6624BA61-9EBD-4D5A-8E28-86790A6A86AF}.Release|Any CPU.ActiveCfg = Release|Any CPU
		{6624BA61-9EBD-4D5A-8E28-86790A6A86AF}.Release|Any CPU.Build.0 = Release|Any CPU
		{1D115C82-E82D-47E6-BDF5-D0F1C73DFCD2}.Debug|Any CPU.ActiveCfg = Debug|Any CPU
		{1D115C82-E82D-47E6-BDF5-D0F1C73DFCD2}.Debug|Any CPU.Build.0 = Debug|Any CPU
		{1D115C82-E82D-47E6-BDF5-D0F1C73DFCD2}.Release|Any CPU.ActiveCfg = Release|Any CPU
		{1D115C82-E82D-47E6-BDF5-D0F1C73DFCD2}.Release|Any CPU.Build.0 = Release|Any CPU
		{D6359B2A-3F3A-476C-BC58-162977F5D442}.Debug|Any CPU.ActiveCfg = Debug|Any CPU
		{D6359B2A-3F3A-476C-BC58-162977F5D442}.Debug|Any CPU.Build.0 = Debug|Any CPU
		{D6359B2A-3F3A-476C-BC58-162977F5D442}.Release|Any CPU.ActiveCfg = Release|Any CPU
		{D6359B2A-3F3A-476C-BC58-162977F5D442}.Release|Any CPU.Build.0 = Release|Any CPU
		{43B45B3E-A479-46E6-B151-693EE5AD3888}.Debug|Any CPU.ActiveCfg = Debug|Any CPU
		{43B45B3E-A479-46E6-B151-693EE5AD3888}.Debug|Any CPU.Build.0 = Debug|Any CPU
		{43B45B3E-A479-46E6-B151-693EE5AD3888}.Release|Any CPU.ActiveCfg = Release|Any CPU
		{43B45B3E-A479-46E6-B151-693EE5AD3888}.Release|Any CPU.Build.0 = Release|Any CPU
		{7B8BCA02-F012-4259-A177-AA5B8DBD766D}.Debug|Any CPU.ActiveCfg = Debug|Any CPU
		{7B8BCA02-F012-4259-A177-AA5B8DBD766D}.Debug|Any CPU.Build.0 = Debug|Any CPU
		{7B8BCA02-F012-4259-A177-AA5B8DBD766D}.Release|Any CPU.ActiveCfg = Release|Any CPU
		{7B8BCA02-F012-4259-A177-AA5B8DBD766D}.Release|Any CPU.Build.0 = Release|Any CPU
		{FE5BE4B6-C665-4422-82A2-A76A8707968D}.Debug|Any CPU.ActiveCfg = Debug|Any CPU
		{FE5BE4B6-C665-4422-82A2-A76A8707968D}.Debug|Any CPU.Build.0 = Debug|Any CPU
		{FE5BE4B6-C665-4422-82A2-A76A8707968D}.Release|Any CPU.ActiveCfg = Release|Any CPU
		{FE5BE4B6-C665-4422-82A2-A76A8707968D}.Release|Any CPU.Build.0 = Release|Any CPU
	EndGlobalSection
	GlobalSection(SolutionProperties) = preSolution
		HideSolutionNode = FALSE
	EndGlobalSection
EndGlobal
