
Microsoft Visual Studio Solution File, Format Version 12.00
# Visual Studio 15
VisualStudioVersion = 15.0.28307.1525
MinimumVisualStudioVersion = 10.0.40219.1
Project("{FAE04EC0-301F-11D3-BF4B-00C04F79EFBC}") = "01. MenuApp", "MenuApp\01. MenuApp.csproj", "{A1715ACF-FFA4-4C61-945B-367CF9DFDA3E}"
EndProject
Project("{FAE04EC0-301F-11D3-BF4B-00C04F79EFBC}") = "02. MenuApp2", "MenuApp2\02. MenuApp2.csproj", "{F785C5A7-09DF-453C-93ED-6EA6D1FEAE1F}"
EndProject
Project("{FAE04EC0-301F-11D3-BF4B-00C04F79EFBC}") = "03. MenuApp3", "MenuApp3\03. MenuApp3.csproj", "{DD8F6086-0FC1-4FA8-8C1A-71AC4E6FD5E2}"
EndProject
Project("{FAE04EC0-301F-11D3-BF4B-00C04F79EFBC}") = "04. ContextMenu", "ContextMenu\04. ContextMenu.csproj", "{A7C9D0BE-CDAF-40D8-B2F1-4B6058BE1EB9}"
EndProject
Global
	GlobalSection(SolutionConfigurationPlatforms) = preSolution
		Debug|Any CPU = Debug|Any CPU
		Release|Any CPU = Release|Any CPU
	EndGlobalSection
	GlobalSection(ProjectConfigurationPlatforms) = postSolution
		{A1715ACF-FFA4-4C61-945B-367CF9DFDA3E}.Debug|Any CPU.ActiveCfg = Debug|Any CPU
		{A1715ACF-FFA4-4C61-945B-367CF9DFDA3E}.Debug|Any CPU.Build.0 = Debug|Any CPU
		{A1715ACF-FFA4-4C61-945B-367CF9DFDA3E}.Release|Any CPU.ActiveCfg = Release|Any CPU
		{A1715ACF-FFA4-4C61-945B-367CF9DFDA3E}.Release|Any CPU.Build.0 = Release|Any CPU
		{F785C5A7-09DF-453C-93ED-6EA6D1FEAE1F}.Debug|Any CPU.ActiveCfg = Debug|Any CPU
		{F785C5A7-09DF-453C-93ED-6EA6D1FEAE1F}.Debug|Any CPU.Build.0 = Debug|Any CPU
		{F785C5A7-09DF-453C-93ED-6EA6D1FEAE1F}.Release|Any CPU.ActiveCfg = Release|Any CPU
		{F785C5A7-09DF-453C-93ED-6EA6D1FEAE1F}.Release|Any CPU.Build.0 = Release|Any CPU
		{DD8F6086-0FC1-4FA8-8C1A-71AC4E6FD5E2}.Debug|Any CPU.ActiveCfg = Debug|Any CPU
		{DD8F6086-0FC1-4FA8-8C1A-71AC4E6FD5E2}.Debug|Any CPU.Build.0 = Debug|Any CPU
		{DD8F6086-0FC1-4FA8-8C1A-71AC4E6FD5E2}.Release|Any CPU.ActiveCfg = Release|Any CPU
		{DD8F6086-0FC1-4FA8-8C1A-71AC4E6FD5E2}.Release|Any CPU.Build.0 = Release|Any CPU
		{A7C9D0BE-CDAF-40D8-B2F1-4B6058BE1EB9}.Debug|Any CPU.ActiveCfg = Debug|Any CPU
		{A7C9D0BE-CDAF-40D8-B2F1-4B6058BE1EB9}.Debug|Any CPU.Build.0 = Debug|Any CPU
		{A7C9D0BE-CDAF-40D8-B2F1-4B6058BE1EB9}.Release|Any CPU.ActiveCfg = Release|Any CPU
		{A7C9D0BE-CDAF-40D8-B2F1-4B6058BE1EB9}.Release|Any CPU.Build.0 = Release|Any CPU
	EndGlobalSection
	GlobalSection(SolutionProperties) = preSolution
		HideSolutionNode = FALSE
	EndGlobalSection
	GlobalSection(ExtensibilityGlobals) = postSolution
		SolutionGuid = {E75BDF2B-8244-466B-BB81-F8C3970D0737}
	EndGlobalSection
EndGlobal
