
Microsoft Visual Studio Solution File, Format Version 12.00
# Visual Studio 15
VisualStudioVersion = 15.0.26430.4
MinimumVisualStudioVersion = 10.0.40219.1
Project("{FAE04EC0-301F-11D3-BF4B-00C04F79EFBC}") = "001_Static", "001_Static\001_Static.csproj", "{95520790-D730-43D0-8A12-B5735E56C714}"
EndProject
Project("{FAE04EC0-301F-11D3-BF4B-00C04F79EFBC}") = "002_Static", "002_Static\002_Static.csproj", "{897CA1B0-5104-496A-9278-5A47306FE794}"
EndProject
Project("{FAE04EC0-301F-11D3-BF4B-00C04F79EFBC}") = "004_Static", "004_Static\004_Static.csproj", "{6A3E2E9C-302F-4F2E-9BC0-D2F9D3DC4711}"
EndProject
Project("{FAE04EC0-301F-11D3-BF4B-00C04F79EFBC}") = "005_StaticCo", "005_StaticCo\005_StaticCo.csproj", "{447E6D8B-68FA-413C-B8E2-D1DB8BC1B33A}"
EndProject
Project("{FAE04EC0-301F-11D3-BF4B-00C04F79EFBC}") = "006_StaticCo", "006_StaticCo\006_StaticCo.csproj", "{569A9C0A-BB04-4399-96D5-5680FD93BC32}"
EndProject
Project("{FAE04EC0-301F-11D3-BF4B-00C04F79EFBC}") = "007_Construct", "007_Construct\007_Construct.csproj", "{E3F1BBDA-97E7-42F8-8292-9CC0CE4C0B0A}"
EndProject
Project("{FAE04EC0-301F-11D3-BF4B-00C04F79EFBC}") = "008_Abstract", "008_Abstract\008_Abstract.csproj", "{9B0BCE27-B5A1-4E52-A394-0CEB4D50F24B}"
EndProject
Project("{FAE04EC0-301F-11D3-BF4B-00C04F79EFBC}") = "009_Static", "009_Static\009_Static.csproj", "{99ECFAB9-D884-4E4E-8CDE-A9638983B67B}"
EndProject
Global
	GlobalSection(SolutionConfigurationPlatforms) = preSolution
		Debug|Any CPU = Debug|Any CPU
		Release|Any CPU = Release|Any CPU
	EndGlobalSection
	GlobalSection(ProjectConfigurationPlatforms) = postSolution
		{95520790-D730-43D0-8A12-B5735E56C714}.Debug|Any CPU.ActiveCfg = Debug|Any CPU
		{95520790-D730-43D0-8A12-B5735E56C714}.Debug|Any CPU.Build.0 = Debug|Any CPU
		{95520790-D730-43D0-8A12-B5735E56C714}.Release|Any CPU.ActiveCfg = Release|Any CPU
		{95520790-D730-43D0-8A12-B5735E56C714}.Release|Any CPU.Build.0 = Release|Any CPU
		{897CA1B0-5104-496A-9278-5A47306FE794}.Debug|Any CPU.ActiveCfg = Debug|Any CPU
		{897CA1B0-5104-496A-9278-5A47306FE794}.Debug|Any CPU.Build.0 = Debug|Any CPU
		{897CA1B0-5104-496A-9278-5A47306FE794}.Release|Any CPU.ActiveCfg = Release|Any CPU
		{897CA1B0-5104-496A-9278-5A47306FE794}.Release|Any CPU.Build.0 = Release|Any CPU
		{6A3E2E9C-302F-4F2E-9BC0-D2F9D3DC4711}.Debug|Any CPU.ActiveCfg = Debug|Any CPU
		{6A3E2E9C-302F-4F2E-9BC0-D2F9D3DC4711}.Debug|Any CPU.Build.0 = Debug|Any CPU
		{6A3E2E9C-302F-4F2E-9BC0-D2F9D3DC4711}.Release|Any CPU.ActiveCfg = Release|Any CPU
		{6A3E2E9C-302F-4F2E-9BC0-D2F9D3DC4711}.Release|Any CPU.Build.0 = Release|Any CPU
		{447E6D8B-68FA-413C-B8E2-D1DB8BC1B33A}.Debug|Any CPU.ActiveCfg = Debug|Any CPU
		{447E6D8B-68FA-413C-B8E2-D1DB8BC1B33A}.Debug|Any CPU.Build.0 = Debug|Any CPU
		{447E6D8B-68FA-413C-B8E2-D1DB8BC1B33A}.Release|Any CPU.ActiveCfg = Release|Any CPU
		{447E6D8B-68FA-413C-B8E2-D1DB8BC1B33A}.Release|Any CPU.Build.0 = Release|Any CPU
		{569A9C0A-BB04-4399-96D5-5680FD93BC32}.Debug|Any CPU.ActiveCfg = Debug|Any CPU
		{569A9C0A-BB04-4399-96D5-5680FD93BC32}.Debug|Any CPU.Build.0 = Debug|Any CPU
		{569A9C0A-BB04-4399-96D5-5680FD93BC32}.Release|Any CPU.ActiveCfg = Release|Any CPU
		{569A9C0A-BB04-4399-96D5-5680FD93BC32}.Release|Any CPU.Build.0 = Release|Any CPU
		{E3F1BBDA-97E7-42F8-8292-9CC0CE4C0B0A}.Debug|Any CPU.ActiveCfg = Debug|Any CPU
		{E3F1BBDA-97E7-42F8-8292-9CC0CE4C0B0A}.Debug|Any CPU.Build.0 = Debug|Any CPU
		{E3F1BBDA-97E7-42F8-8292-9CC0CE4C0B0A}.Release|Any CPU.ActiveCfg = Release|Any CPU
		{E3F1BBDA-97E7-42F8-8292-9CC0CE4C0B0A}.Release|Any CPU.Build.0 = Release|Any CPU
		{9B0BCE27-B5A1-4E52-A394-0CEB4D50F24B}.Debug|Any CPU.ActiveCfg = Debug|Any CPU
		{9B0BCE27-B5A1-4E52-A394-0CEB4D50F24B}.Debug|Any CPU.Build.0 = Debug|Any CPU
		{9B0BCE27-B5A1-4E52-A394-0CEB4D50F24B}.Release|Any CPU.ActiveCfg = Release|Any CPU
		{9B0BCE27-B5A1-4E52-A394-0CEB4D50F24B}.Release|Any CPU.Build.0 = Release|Any CPU
		{99ECFAB9-D884-4E4E-8CDE-A9638983B67B}.Debug|Any CPU.ActiveCfg = Debug|Any CPU
		{99ECFAB9-D884-4E4E-8CDE-A9638983B67B}.Debug|Any CPU.Build.0 = Debug|Any CPU
		{99ECFAB9-D884-4E4E-8CDE-A9638983B67B}.Release|Any CPU.ActiveCfg = Release|Any CPU
		{99ECFAB9-D884-4E4E-8CDE-A9638983B67B}.Release|Any CPU.Build.0 = Release|Any CPU
	EndGlobalSection
	GlobalSection(SolutionProperties) = preSolution
		HideSolutionNode = FALSE
	EndGlobalSection
EndGlobal
