
Microsoft Visual Studio Solution File, Format Version 12.00
# Visual Studio Version 16
VisualStudioVersion = 16.0.30517.126
MinimumVisualStudioVersion = 10.0.40219.1
Project("{FAE04EC0-301F-11D3-BF4B-00C04F79EFBC}") = "HelloApp", "HelloApp\HelloApp.csproj", "{CD9D3C62-7F6E-4600-BD2C-80AF17315C5C}"
EndProject
Global
	GlobalSection(SolutionConfigurationPlatforms) = preSolution
		Debug|Any CPU = Debug|Any CPU
		Release|Any CPU = Release|Any CPU
	EndGlobalSection
	GlobalSection(ProjectConfigurationPlatforms) = postSolution
		{CD9D3C62-7F6E-4600-BD2C-80AF17315C5C}.Debug|Any CPU.ActiveCfg = Debug|Any CPU
		{CD9D3C62-7F6E-4600-BD2C-80AF17315C5C}.Debug|Any CPU.Build.0 = Debug|Any CPU
		{CD9D3C62-7F6E-4600-BD2C-80AF17315C5C}.Release|Any CPU.ActiveCfg = Release|Any CPU
		{CD9D3C62-7F6E-4600-BD2C-80AF17315C5C}.Release|Any CPU.Build.0 = Release|Any CPU
	EndGlobalSection
	GlobalSection(SolutionProperties) = preSolution
		HideSolutionNode = FALSE
	EndGlobalSection
	GlobalSection(ExtensibilityGlobals) = postSolution
		SolutionGuid = {0346C9C7-C7A6-436A-B0BE-2ABF3C857F15}
	EndGlobalSection
EndGlobal
